
Microsoft Visual Studio Solution File, Format Version 12.00
# Visual Studio Version 17
VisualStudioVersion = 17.13.35931.197
MinimumVisualStudioVersion = 10.0.40219.1
Project("{2150E333-8FDC-42A3-9474-1A3956D46DE8}") = "ソリューション項目", "ソリューション項目", "{2022CB0F-8BAF-F49E-0C48-8EF4C96EC109}"
	ProjectSection(SolutionItems) = preProject
		.editorconfig = .editorconfig
	EndProjectSection
EndProject
Project("{8BC9CEB8-8B4A-11D0-8D11-00A0C91BC942}") = "01_01", "01_01\01_01.vcxproj", "{9D294152-8512-450C-B442-B98E065B8CE4}"
EndProject
Project("{8BC9CEB8-8B4A-11D0-8D11-00A0C91BC942}") = "01_02", "01_02\01_02.vcxproj", "{27717232-1B43-48D1-BAC5-AF482092F60C}"
EndProject
Project("{8BC9CEB8-8B4A-11D0-8D11-00A0C91BC942}") = "00_01", "00_01\00_01.vcxproj", "{5CC0DC81-BE62-40F5-83A0-789CD9996158}"
EndProject
Project("{8BC9CEB8-8B4A-11D0-8D11-00A0C91BC942}") = "02_01", "02_01\02_01.vcxproj", "{07139605-683C-47B6-B434-DC0EBFD61F88}"
EndProject
Project("{8BC9CEB8-8B4A-11D0-8D11-00A0C91BC942}") = "02_02", "02_02\02_02.vcxproj", "{0658BE1A-CF6D-49C0-A88A-9DF723DB5402}"
EndProject
Project("{8BC9CEB8-8B4A-11D0-8D11-00A0C91BC942}") = "02_03", "02_03\02_03.vcxproj", "{82B910E4-37DF-4095-8A47-42DED326D52C}"
EndProject
Project("{8BC9CEB8-8B4A-11D0-8D11-00A0C91BC942}") = "02_04", "02_04\02_04.vcxproj", "{69C84558-973A-4213-B14D-FA448577259D}"
EndProject
Project("{8BC9CEB8-8B4A-11D0-8D11-00A0C91BC942}") = "03_01", "03_01\03_01.vcxproj", "{55E278AB-787C-4BA5-AD9E-181A1D60BA2A}"
EndProject
Project("{8BC9CEB8-8B4A-11D0-8D11-00A0C91BC942}") = "03_02", "03_02\03_02.vcxproj", "{54E122E1-DEB9-4BDD-A376-AFAD1522C38F}"
EndProject
Project("{8BC9CEB8-8B4A-11D0-8D11-00A0C91BC942}") = "03_03", "03_03\03_03.vcxproj", "{AA3D9AE5-3FA8-4D29-8A7F-1E9143B7A65E}"
EndProject
Global
	GlobalSection(SolutionConfigurationPlatforms) = preSolution
		Debug|x64 = Debug|x64
		Debug|x86 = Debug|x86
		Release|x64 = Release|x64
		Release|x86 = Release|x86
	EndGlobalSection
	GlobalSection(ProjectConfigurationPlatforms) = postSolution
		{9D294152-8512-450C-B442-B98E065B8CE4}.Debug|x64.ActiveCfg = Debug|x64
		{9D294152-8512-450C-B442-B98E065B8CE4}.Debug|x64.Build.0 = Debug|x64
		{9D294152-8512-450C-B442-B98E065B8CE4}.Debug|x86.ActiveCfg = Debug|Win32
		{9D294152-8512-450C-B442-B98E065B8CE4}.Debug|x86.Build.0 = Debug|Win32
		{9D294152-8512-450C-B442-B98E065B8CE4}.Release|x64.ActiveCfg = Release|x64
		{9D294152-8512-450C-B442-B98E065B8CE4}.Release|x64.Build.0 = Release|x64
		{9D294152-8512-450C-B442-B98E065B8CE4}.Release|x86.ActiveCfg = Release|Win32
		{9D294152-8512-450C-B442-B98E065B8CE4}.Release|x86.Build.0 = Release|Win32
		{27717232-1B43-48D1-BAC5-AF482092F60C}.Debug|x64.ActiveCfg = Debug|x64
		{27717232-1B43-48D1-BAC5-AF482092F60C}.Debug|x64.Build.0 = Debug|x64
		{27717232-1B43-48D1-BAC5-AF482092F60C}.Debug|x86.ActiveCfg = Debug|Win32
		{27717232-1B43-48D1-BAC5-AF482092F60C}.Debug|x86.Build.0 = Debug|Win32
		{27717232-1B43-48D1-BAC5-AF482092F60C}.Release|x64.ActiveCfg = Release|x64
		{27717232-1B43-48D1-BAC5-AF482092F60C}.Release|x64.Build.0 = Release|x64
		{27717232-1B43-48D1-BAC5-AF482092F60C}.Release|x86.ActiveCfg = Release|Win32
		{27717232-1B43-48D1-BAC5-AF482092F60C}.Release|x86.Build.0 = Release|Win32
		{5CC0DC81-BE62-40F5-83A0-789CD9996158}.Debug|x64.ActiveCfg = Debug|x64
		{5CC0DC81-BE62-40F5-83A0-789CD9996158}.Debug|x64.Build.0 = Debug|x64
		{5CC0DC81-BE62-40F5-83A0-789CD9996158}.Debug|x86.ActiveCfg = Debug|Win32
		{5CC0DC81-BE62-40F5-83A0-789CD9996158}.Debug|x86.Build.0 = Debug|Win32
		{5CC0DC81-BE62-40F5-83A0-789CD9996158}.Release|x64.ActiveCfg = Release|x64
		{5CC0DC81-BE62-40F5-83A0-789CD9996158}.Release|x64.Build.0 = Release|x64
		{5CC0DC81-BE62-40F5-83A0-789CD9996158}.Release|x86.ActiveCfg = Release|Win32
		{5CC0DC81-BE62-40F5-83A0-789CD9996158}.Release|x86.Build.0 = Release|Win32
		{07139605-683C-47B6-B434-DC0EBFD61F88}.Debug|x64.ActiveCfg = Debug|x64
		{07139605-683C-47B6-B434-DC0EBFD61F88}.Debug|x64.Build.0 = Debug|x64
		{07139605-683C-47B6-B434-DC0EBFD61F88}.Debug|x86.ActiveCfg = Debug|Win32
		{07139605-683C-47B6-B434-DC0EBFD61F88}.Debug|x86.Build.0 = Debug|Win32
		{07139605-683C-47B6-B434-DC0EBFD61F88}.Release|x64.ActiveCfg = Release|x64
		{07139605-683C-47B6-B434-DC0EBFD61F88}.Release|x64.Build.0 = Release|x64
		{07139605-683C-47B6-B434-DC0EBFD61F88}.Release|x86.ActiveCfg = Release|Win32
		{07139605-683C-47B6-B434-DC0EBFD61F88}.Release|x86.Build.0 = Release|Win32
		{0658BE1A-CF6D-49C0-A88A-9DF723DB5402}.Debug|x64.ActiveCfg = Debug|x64
		{0658BE1A-CF6D-49C0-A88A-9DF723DB5402}.Debug|x64.Build.0 = Debug|x64
		{0658BE1A-CF6D-49C0-A88A-9DF723DB5402}.Debug|x86.ActiveCfg = Debug|Win32
		{0658BE1A-CF6D-49C0-A88A-9DF723DB5402}.Debug|x86.Build.0 = Debug|Win32
		{0658BE1A-CF6D-49C0-A88A-9DF723DB5402}.Release|x64.ActiveCfg = Release|x64
		{0658BE1A-CF6D-49C0-A88A-9DF723DB5402}.Release|x64.Build.0 = Release|x64
		{0658BE1A-CF6D-49C0-A88A-9DF723DB5402}.Release|x86.ActiveCfg = Release|Win32
		{0658BE1A-CF6D-49C0-A88A-9DF723DB5402}.Release|x86.Build.0 = Release|Win32
		{82B910E4-37DF-4095-8A47-42DED326D52C}.Debug|x64.ActiveCfg = Debug|x64
		{82B910E4-37DF-4095-8A47-42DED326D52C}.Debug|x64.Build.0 = Debug|x64
		{82B910E4-37DF-4095-8A47-42DED326D52C}.Debug|x86.ActiveCfg = Debug|Win32
		{82B910E4-37DF-4095-8A47-42DED326D52C}.Debug|x86.Build.0 = Debug|Win32
		{82B910E4-37DF-4095-8A47-42DED326D52C}.Release|x64.ActiveCfg = Release|x64
		{82B910E4-37DF-4095-8A47-42DED326D52C}.Release|x64.Build.0 = Release|x64
		{82B910E4-37DF-4095-8A47-42DED326D52C}.Release|x86.ActiveCfg = Release|Win32
		{82B910E4-37DF-4095-8A47-42DED326D52C}.Release|x86.Build.0 = Release|Win32
		{69C84558-973A-4213-B14D-FA448577259D}.Debug|x64.ActiveCfg = Debug|x64
		{69C84558-973A-4213-B14D-FA448577259D}.Debug|x64.Build.0 = Debug|x64
		{69C84558-973A-4213-B14D-FA448577259D}.Debug|x86.ActiveCfg = Debug|Win32
		{69C84558-973A-4213-B14D-FA448577259D}.Debug|x86.Build.0 = Debug|Win32
		{69C84558-973A-4213-B14D-FA448577259D}.Release|x64.ActiveCfg = Release|x64
		{69C84558-973A-4213-B14D-FA448577259D}.Release|x64.Build.0 = Release|x64
		{69C84558-973A-4213-B14D-FA448577259D}.Release|x86.ActiveCfg = Release|Win32
		{69C84558-973A-4213-B14D-FA448577259D}.Release|x86.Build.0 = Release|Win32
		{55E278AB-787C-4BA5-AD9E-181A1D60BA2A}.Debug|x64.ActiveCfg = Debug|x64
		{55E278AB-787C-4BA5-AD9E-181A1D60BA2A}.Debug|x64.Build.0 = Debug|x64
		{55E278AB-787C-4BA5-AD9E-181A1D60BA2A}.Debug|x86.ActiveCfg = Debug|Win32
		{55E278AB-787C-4BA5-AD9E-181A1D60BA2A}.Debug|x86.Build.0 = Debug|Win32
		{55E278AB-787C-4BA5-AD9E-181A1D60BA2A}.Release|x64.ActiveCfg = Release|x64
		{55E278AB-787C-4BA5-AD9E-181A1D60BA2A}.Release|x64.Build.0 = Release|x64
		{55E278AB-787C-4BA5-AD9E-181A1D60BA2A}.Release|x86.ActiveCfg = Release|Win32
		{55E278AB-787C-4BA5-AD9E-181A1D60BA2A}.Release|x86.Build.0 = Release|Win32
		{54E122E1-DEB9-4BDD-A376-AFAD1522C38F}.Debug|x64.ActiveCfg = Debug|x64
		{54E122E1-DEB9-4BDD-A376-AFAD1522C38F}.Debug|x64.Build.0 = Debug|x64
		{54E122E1-DEB9-4BDD-A376-AFAD1522C38F}.Debug|x86.ActiveCfg = Debug|Win32
		{54E122E1-DEB9-4BDD-A376-AFAD1522C38F}.Debug|x86.Build.0 = Debug|Win32
		{54E122E1-DEB9-4BDD-A376-AFAD1522C38F}.Release|x64.ActiveCfg = Release|x64
		{54E122E1-DEB9-4BDD-A376-AFAD1522C38F}.Release|x64.Build.0 = Release|x64
		{54E122E1-DEB9-4BDD-A376-AFAD1522C38F}.Release|x86.ActiveCfg = Release|Win32
		{54E122E1-DEB9-4BDD-A376-AFAD1522C38F}.Release|x86.Build.0 = Release|Win32
		{AA3D9AE5-3FA8-4D29-8A7F-1E9143B7A65E}.Debug|x64.ActiveCfg = Debug|x64
		{AA3D9AE5-3FA8-4D29-8A7F-1E9143B7A65E}.Debug|x64.Build.0 = Debug|x64
		{AA3D9AE5-3FA8-4D29-8A7F-1E9143B7A65E}.Debug|x86.ActiveCfg = Debug|Win32
		{AA3D9AE5-3FA8-4D29-8A7F-1E9143B7A65E}.Debug|x86.Build.0 = Debug|Win32
		{AA3D9AE5-3FA8-4D29-8A7F-1E9143B7A65E}.Release|x64.ActiveCfg = Release|x64
		{AA3D9AE5-3FA8-4D29-8A7F-1E9143B7A65E}.Release|x64.Build.0 = Release|x64
		{AA3D9AE5-3FA8-4D29-8A7F-1E9143B7A65E}.Release|x86.ActiveCfg = Release|Win32
		{AA3D9AE5-3FA8-4D29-8A7F-1E9143B7A65E}.Release|x86.Build.0 = Release|Win32
	EndGlobalSection
	GlobalSection(SolutionProperties) = preSolution
		HideSolutionNode = FALSE
	EndGlobalSection
	GlobalSection(ExtensibilityGlobals) = postSolution
		SolutionGuid = {4584831E-9296-4100-B0A8-4BADAA118CE6}
	EndGlobalSection
EndGlobal
